<?xml version="1.0" encoding="UTF-8" standalone="yes" ?>
<CodeBlocks_project_file>
	<FileVersion major="1" minor="6" />
	<Project>
		<Option title="GUIC_2.0" />
		<Option pch_mode="2" />
		<Option compiler="gcc" />
		<Build>
			<Target title="default">
				<Option output="build/GUIC_2" prefix_auto="1" extension_auto="1" />
				<Option type="0" />
				<Option compiler="gcc-mingw64" />
				<Compiler>
					<Add option="-std=gnu++14" />
				</Compiler>
				<Linker>
					<Add option="-static" />
					<Add option="-static-libgcc -static-libstdc++ -lws2_32 -lole32" />
				</Linker>
			</Target>
		</Build>
		<Compiler>
			<Add option="-m64" />
		</Compiler>
		<Linker>
			<Add option="-static" />
			<Add option="-mwindows" />
			<Add option="-lgdi32" />
			<Add option="-lcomdlg32" />
			<Add option="-luuid" />
			<Add option="-loleaut32" />
		</Linker>
		<Unit filename="doc/架构.txt" />
		<Unit filename="src/GUIC_2.0.manifest" />
		<Unit filename="src/config/config.cpp" />
		<Unit filename="src/config/config.h" />
		<Unit filename="src/config/special_days.h" />
		<Unit filename="src/dialogs/dialog_countdown.cpp" />
		<Unit filename="src/dialogs/dialog_countdown.h" />
		<Unit filename="src/dialogs/dialog_message.cpp" />
		<Unit filename="src/dialogs/dialog_message.h" />
		<Unit filename="src/dialogs/dialog_settings.cpp" />
		<Unit filename="src/dialogs/dialog_settings.h" />
		<Unit filename="src/dialogs/dialog_special.cpp" />
		<Unit filename="src/dialogs/dialog_special.h" />
		<Unit filename="src/i18n.cpp" />
		<Unit filename="src/i18n.h" />
		<Unit filename="src/main.cpp" />
		<Unit filename="src/main.h" />
		<Unit filename="src/resource.h" />
		<Unit filename="src/resource.rc">
			<Option compilerVar="WINDRES" />
		</Unit>
		<Unit filename="src/utils/gdi_utils.h" />
		<Unit filename="src/utils/http_server.cpp" />
		<Unit filename="src/utils/http_server.h" />
		<Unit filename="src/utils/logger.cpp" />
		<Unit filename="src/utils/logger.h" />
		<Unit filename="src/utils/lunar.cpp" />
		<Unit filename="src/utils/lunar.h" />
		<Unit filename="src/utils/network.cpp" />
		<Unit filename="src/utils/network.h" />
		<Unit filename="src/utils/ntp_server.cpp" />
		<Unit filename="src/utils/ntp_server.h" />
		<Unit filename="src/utils/renderer.cpp" />
		<Unit filename="src/utils/renderer.h" />
		<Unit filename="src/utils/utils.cpp" />
		<Unit filename="src/utils/utils.h" />
		<Unit filename="src/utils/weather.cpp" />
		<Unit filename="src/utils/weather.h" />
		<Unit filename="src/windowproc.cpp" />
		<Extensions>

			<lib_finder disable_auto="1" />
		</Extensions>
	</Project>
</CodeBlocks_project_file>
